
Microsoft Visual Studio Solution File, Format Version 12.00
# Visual Studio Version 17
VisualStudioVersion = 17.11.35327.3
MinimumVisualStudioVersion = 10.0.40219.1
Project("{9A19103F-16F7-4668-BE54-9A1E7A4F7556}") = "Domain", "Domain\Domain.csproj", "{43BCF58B-913C-45D4-BEC1-55DB065912A0}"
EndProject
Project("{9A19103F-16F7-4668-BE54-9A1E7A4F7556}") = "Application", "Application\Application.csproj", "{46C2FCAB-3F10-455A-96EE-3568D65F73D9}"
EndProject
Project("{9A19103F-16F7-4668-BE54-9A1E7A4F7556}") = "Infrastructure", "Infrastructure\Infrastructure.csproj", "{DF6C7E0D-590B-4E2F-A853-6E840EF2BCF6}"
EndProject
Project("{FAE04EC0-301F-11D3-BF4B-00C04F79EFBC}") = "Api", "Api\Api.csproj", "{6B0E3496-961E-4C76-A0C6-9FCB88CA1326}"
EndProject
Global
	GlobalSection(SolutionConfigurationPlatforms) = preSolution
		Debug|Any CPU = Debug|Any CPU
		Release|Any CPU = Release|Any CPU
	EndGlobalSection
	GlobalSection(ProjectConfigurationPlatforms) = postSolution
		{43BCF58B-913C-45D4-BEC1-55DB065912A0}.Debug|Any CPU.ActiveCfg = Debug|Any CPU
		{43BCF58B-913C-45D4-BEC1-55DB065912A0}.Debug|Any CPU.Build.0 = Debug|Any CPU
		{43BCF58B-913C-45D4-BEC1-55DB065912A0}.Release|Any CPU.ActiveCfg = Release|Any CPU
		{43BCF58B-913C-45D4-BEC1-55DB065912A0}.Release|Any CPU.Build.0 = Release|Any CPU
		{46C2FCAB-3F10-455A-96EE-3568D65F73D9}.Debug|Any CPU.ActiveCfg = Debug|Any CPU
		{46C2FCAB-3F10-455A-96EE-3568D65F73D9}.Debug|Any CPU.Build.0 = Debug|Any CPU
		{46C2FCAB-3F10-455A-96EE-3568D65F73D9}.Release|Any CPU.ActiveCfg = Release|Any CPU
		{46C2FCAB-3F10-455A-96EE-3568D65F73D9}.Release|Any CPU.Build.0 = Release|Any CPU
		{DF6C7E0D-590B-4E2F-A853-6E840EF2BCF6}.Debug|Any CPU.ActiveCfg = Debug|Any CPU
		{DF6C7E0D-590B-4E2F-A853-6E840EF2BCF6}.Debug|Any CPU.Build.0 = Debug|Any CPU
		{DF6C7E0D-590B-4E2F-A853-6E840EF2BCF6}.Release|Any CPU.ActiveCfg = Release|Any CPU
		{DF6C7E0D-590B-4E2F-A853-6E840EF2BCF6}.Release|Any CPU.Build.0 = Release|Any CPU
		{6B0E3496-961E-4C76-A0C6-9FCB88CA1326}.Debug|Any CPU.ActiveCfg = Debug|Any CPU
		{6B0E3496-961E-4C76-A0C6-9FCB88CA1326}.Debug|Any CPU.Build.0 = Debug|Any CPU
		{6B0E3496-961E-4C76-A0C6-9FCB88CA1326}.Release|Any CPU.ActiveCfg = Release|Any CPU
		{6B0E3496-961E-4C76-A0C6-9FCB88CA1326}.Release|Any CPU.Build.0 = Release|Any CPU
	EndGlobalSection
	GlobalSection(SolutionProperties) = preSolution
		HideSolutionNode = FALSE
	EndGlobalSection
	GlobalSection(ExtensibilityGlobals) = postSolution
		SolutionGuid = {1DC32F9C-5A90-4271-9963-FB77CA4167EA}
	EndGlobalSection
EndGlobal
